
Microsoft Visual Studio Solution File, Format Version 12.00
# Visual Studio Version 17
VisualStudioVersion = 17.0.31717.71
MinimumVisualStudioVersion = 10.0.40219.1
Project("{9A19103F-16F7-4668-BE54-9A1E7A4F7556}") = "dotnetconsulting.Jwt.API", "dotnetconsulting.Jwt.API\dotnetconsulting.Jwt.API.csproj", "{37A9C9C5-A587-41EB-84D8-B5E800EED905}"
EndProject
Project("{9A19103F-16F7-4668-BE54-9A1E7A4F7556}") = "dotnetconsulting.Jwt.Manager", "dotnetconsulting.Jwt.Manager\dotnetconsulting.Jwt.Manager.csproj", "{C890D3E0-BDAA-42EE-B317-B919CEF6D06E}"
EndProject
Project("{9A19103F-16F7-4668-BE54-9A1E7A4F7556}") = "dotnetconsulting.Jwt.MvcClient", "dotnetconsulting.Jwt.MvcClient\dotnetconsulting.Jwt.MvcClient.csproj", "{3B2B6132-CF61-4C5A-8601-A1FF682ACBBB}"
EndProject
Global
	GlobalSection(SolutionConfigurationPlatforms) = preSolution
		Debug|Any CPU = Debug|Any CPU
		Release|Any CPU = Release|Any CPU
	EndGlobalSection
	GlobalSection(ProjectConfigurationPlatforms) = postSolution
		{37A9C9C5-A587-41EB-84D8-B5E800EED905}.Debug|Any CPU.ActiveCfg = Debug|Any CPU
		{37A9C9C5-A587-41EB-84D8-B5E800EED905}.Debug|Any CPU.Build.0 = Debug|Any CPU
		{37A9C9C5-A587-41EB-84D8-B5E800EED905}.Release|Any CPU.ActiveCfg = Release|Any CPU
		{37A9C9C5-A587-41EB-84D8-B5E800EED905}.Release|Any CPU.Build.0 = Release|Any CPU
		{C890D3E0-BDAA-42EE-B317-B919CEF6D06E}.Debug|Any CPU.ActiveCfg = Debug|Any CPU
		{C890D3E0-BDAA-42EE-B317-B919CEF6D06E}.Debug|Any CPU.Build.0 = Debug|Any CPU
		{C890D3E0-BDAA-42EE-B317-B919CEF6D06E}.Release|Any CPU.ActiveCfg = Release|Any CPU
		{C890D3E0-BDAA-42EE-B317-B919CEF6D06E}.Release|Any CPU.Build.0 = Release|Any CPU
		{3B2B6132-CF61-4C5A-8601-A1FF682ACBBB}.Debug|Any CPU.ActiveCfg = Debug|Any CPU
		{3B2B6132-CF61-4C5A-8601-A1FF682ACBBB}.Debug|Any CPU.Build.0 = Debug|Any CPU
		{3B2B6132-CF61-4C5A-8601-A1FF682ACBBB}.Release|Any CPU.ActiveCfg = Release|Any CPU
		{3B2B6132-CF61-4C5A-8601-A1FF682ACBBB}.Release|Any CPU.Build.0 = Release|Any CPU
	EndGlobalSection
	GlobalSection(SolutionProperties) = preSolution
		HideSolutionNode = FALSE
	EndGlobalSection
	GlobalSection(ExtensibilityGlobals) = postSolution
		SolutionGuid = {47038F60-A498-446F-9E8F-A72A6F339941}
	EndGlobalSection
EndGlobal
