
Microsoft Visual Studio Solution File, Format Version 12.00
# Visual Studio Version 16
VisualStudioVersion = 16.0.31105.61
MinimumVisualStudioVersion = 10.0.40219.1
Project("{FAE04EC0-301F-11D3-BF4B-00C04F79EFBC}") = "dotnetconsulting.OAuth", "dotnetconsulting.OAuth\dotnetconsulting.OAuth.csproj", "{E8FDCA22-1403-40A2-A5D4-E3DF9B9E627D}"
EndProject
Global
	GlobalSection(SolutionConfigurationPlatforms) = preSolution
		Debug|Any CPU = Debug|Any CPU
		Release|Any CPU = Release|Any CPU
	EndGlobalSection
	GlobalSection(ProjectConfigurationPlatforms) = postSolution
		{E8FDCA22-1403-40A2-A5D4-E3DF9B9E627D}.Debug|Any CPU.ActiveCfg = Debug|Any CPU
		{E8FDCA22-1403-40A2-A5D4-E3DF9B9E627D}.Debug|Any CPU.Build.0 = Debug|Any CPU
		{E8FDCA22-1403-40A2-A5D4-E3DF9B9E627D}.Release|Any CPU.ActiveCfg = Release|Any CPU
		{E8FDCA22-1403-40A2-A5D4-E3DF9B9E627D}.Release|Any CPU.Build.0 = Release|Any CPU
	EndGlobalSection
	GlobalSection(SolutionProperties) = preSolution
		HideSolutionNode = FALSE
	EndGlobalSection
	GlobalSection(ExtensibilityGlobals) = postSolution
		SolutionGuid = {A0F93442-2E8F-43E2-BC65-127C59C5FE3C}
	EndGlobalSection
EndGlobal
