
Microsoft Visual Studio Solution File, Format Version 12.00
# Visual Studio Version 17
VisualStudioVersion = 17.1.32228.430
MinimumVisualStudioVersion = 10.0.40219.1
Project("{FAE04EC0-301F-11D3-BF4B-00C04F79EFBC}") = "dotnetconsulting.AzureAD", "dotnetconsulting.AzureAD\dotnetconsulting.AzureAD.csproj", "{AC1FD798-F7F5-473A-A694-33ED955EF64C}"
EndProject
Global
	GlobalSection(SolutionConfigurationPlatforms) = preSolution
		Debug|Any CPU = Debug|Any CPU
		Release|Any CPU = Release|Any CPU
	EndGlobalSection
	GlobalSection(ProjectConfigurationPlatforms) = postSolution
		{AC1FD798-F7F5-473A-A694-33ED955EF64C}.Debug|Any CPU.ActiveCfg = Debug|Any CPU
		{AC1FD798-F7F5-473A-A694-33ED955EF64C}.Debug|Any CPU.Build.0 = Debug|Any CPU
		{AC1FD798-F7F5-473A-A694-33ED955EF64C}.Release|Any CPU.ActiveCfg = Release|Any CPU
		{AC1FD798-F7F5-473A-A694-33ED955EF64C}.Release|Any CPU.Build.0 = Release|Any CPU
	EndGlobalSection
	GlobalSection(SolutionProperties) = preSolution
		HideSolutionNode = FALSE
	EndGlobalSection
	GlobalSection(ExtensibilityGlobals) = postSolution
		SolutionGuid = {EC48983E-B5FC-4712-BE10-10D215783F33}
	EndGlobalSection
EndGlobal
